
Microsoft Visual Studio Solution File, Format Version 12.00
# Visual Studio 14
VisualStudioVersion = 14.0.25420.1
MinimumVisualStudioVersion = 10.0.40219.1
Project("{FAE04EC0-301F-11D3-BF4B-00C04F79EFBC}") = "SitefinityWebApp", "SitefinityWebApp\SitefinityWebApp.csproj", "{3E598CFC-83B2-494A-A97F-32EB24D797C6}"
EndProject
Project("{FAE04EC0-301F-11D3-BF4B-00C04F79EFBC}") = "DevMagazine.Core", "DevMagazine.Core\DevMagazine.Core.csproj", "{3F55D63D-E9A7-46F6-9447-8AAD1651A606}"
EndProject
Project("{2150E333-8FDC-42A3-9474-1A3956D46DE8}") = ".nuget", ".nuget", "{313577CE-869F-4B21-BEE1-BD133AF9D3E7}"
	ProjectSection(SolutionItems) = preProject
		.nuget\NuGet.Config = .nuget\NuGet.Config
		.nuget\NuGet.exe = .nuget\NuGet.exe
		.nuget\NuGet.targets = .nuget\NuGet.targets
	EndProjectSection
EndProject
Project("{FAE04EC0-301F-11D3-BF4B-00C04F79EFBC}") = "MyFirstMvcWidget", "MyFirstMvcWidget\MyFirstMvcWidget.csproj", "{173BFCAD-4A50-455A-A54F-24479C0F4321}"
EndProject
Project("{FAE04EC0-301F-11D3-BF4B-00C04F79EFBC}") = "AuthorWidget", "AuthorWidget\AuthorWidget.csproj", "{D19D263C-1D31-49BB-8F86-B32C958DB3B5}"
EndProject
Global
	GlobalSection(SolutionConfigurationPlatforms) = preSolution
		Debug|Any CPU = Debug|Any CPU
		Release Pro|Any CPU = Release Pro|Any CPU
		Release|Any CPU = Release|Any CPU
	EndGlobalSection
	GlobalSection(ProjectConfigurationPlatforms) = postSolution
		{3E598CFC-83B2-494A-A97F-32EB24D797C6}.Debug|Any CPU.ActiveCfg = Debug|Any CPU
		{3E598CFC-83B2-494A-A97F-32EB24D797C6}.Debug|Any CPU.Build.0 = Debug|Any CPU
		{3E598CFC-83B2-494A-A97F-32EB24D797C6}.Release Pro|Any CPU.ActiveCfg = Release Pro|Any CPU
		{3E598CFC-83B2-494A-A97F-32EB24D797C6}.Release Pro|Any CPU.Build.0 = Release Pro|Any CPU
		{3E598CFC-83B2-494A-A97F-32EB24D797C6}.Release|Any CPU.ActiveCfg = Release|Any CPU
		{3E598CFC-83B2-494A-A97F-32EB24D797C6}.Release|Any CPU.Build.0 = Release|Any CPU
		{3F55D63D-E9A7-46F6-9447-8AAD1651A606}.Debug|Any CPU.ActiveCfg = Debug|Any CPU
		{3F55D63D-E9A7-46F6-9447-8AAD1651A606}.Debug|Any CPU.Build.0 = Debug|Any CPU
		{3F55D63D-E9A7-46F6-9447-8AAD1651A606}.Release Pro|Any CPU.ActiveCfg = Release|Any CPU
		{3F55D63D-E9A7-46F6-9447-8AAD1651A606}.Release Pro|Any CPU.Build.0 = Release|Any CPU
		{3F55D63D-E9A7-46F6-9447-8AAD1651A606}.Release|Any CPU.ActiveCfg = Release|Any CPU
		{3F55D63D-E9A7-46F6-9447-8AAD1651A606}.Release|Any CPU.Build.0 = Release|Any CPU
		{173BFCAD-4A50-455A-A54F-24479C0F4321}.Debug|Any CPU.ActiveCfg = Debug|Any CPU
		{173BFCAD-4A50-455A-A54F-24479C0F4321}.Debug|Any CPU.Build.0 = Debug|Any CPU
		{173BFCAD-4A50-455A-A54F-24479C0F4321}.Release Pro|Any CPU.ActiveCfg = Release|Any CPU
		{173BFCAD-4A50-455A-A54F-24479C0F4321}.Release Pro|Any CPU.Build.0 = Release|Any CPU
		{173BFCAD-4A50-455A-A54F-24479C0F4321}.Release|Any CPU.ActiveCfg = Release|Any CPU
		{173BFCAD-4A50-455A-A54F-24479C0F4321}.Release|Any CPU.Build.0 = Release|Any CPU
		{D19D263C-1D31-49BB-8F86-B32C958DB3B5}.Debug|Any CPU.ActiveCfg = Debug|Any CPU
		{D19D263C-1D31-49BB-8F86-B32C958DB3B5}.Debug|Any CPU.Build.0 = Debug|Any CPU
		{D19D263C-1D31-49BB-8F86-B32C958DB3B5}.Release Pro|Any CPU.ActiveCfg = Release|Any CPU
		{D19D263C-1D31-49BB-8F86-B32C958DB3B5}.Release Pro|Any CPU.Build.0 = Release|Any CPU
		{D19D263C-1D31-49BB-8F86-B32C958DB3B5}.Release|Any CPU.ActiveCfg = Release|Any CPU
		{D19D263C-1D31-49BB-8F86-B32C958DB3B5}.Release|Any CPU.Build.0 = Release|Any CPU
	EndGlobalSection
	GlobalSection(SolutionProperties) = preSolution
		HideSolutionNode = FALSE
	EndGlobalSection
EndGlobal
